
Microsoft Visual Studio Solution File, Format Version 12.00
# Visual Studio Version 17
VisualStudioVersion = 17.9.34616.47
MinimumVisualStudioVersion = 10.0.40219.1
Project("{FAE04EC0-301F-11D3-BF4B-00C04F79EFBC}") = "Assignment2_U49498997", "Assignment2_U49498997\Assignment2_U49498997.csproj", "{28FF9415-C128-441E-BF56-2E7F11F24146}"
EndProject
Global
	GlobalSection(SolutionConfigurationPlatforms) = preSolution
		Debug|Any CPU = Debug|Any CPU
		Release|Any CPU = Release|Any CPU
	EndGlobalSection
	GlobalSection(ProjectConfigurationPlatforms) = postSolution
		{28FF9415-C128-441E-BF56-2E7F11F24146}.Debug|Any CPU.ActiveCfg = Debug|Any CPU
		{28FF9415-C128-441E-BF56-2E7F11F24146}.Debug|Any CPU.Build.0 = Debug|Any CPU
		{28FF9415-C128-441E-BF56-2E7F11F24146}.Release|Any CPU.ActiveCfg = Release|Any CPU
		{28FF9415-C128-441E-BF56-2E7F11F24146}.Release|Any CPU.Build.0 = Release|Any CPU
	EndGlobalSection
	GlobalSection(SolutionProperties) = preSolution
		HideSolutionNode = FALSE
	EndGlobalSection
	GlobalSection(ExtensibilityGlobals) = postSolution
		SolutionGuid = {8800DD95-AE7E-4B40-A1C1-4838F2CA54EA}
	EndGlobalSection
EndGlobal
